// !$*UTF8*$!
{
	archiveVersion = 1;
	classes = {
	};
	objectVersion = 55;
	objects = {

/* Begin PBXBuildFile section */
		FF5134AD2929567700C619AD /* AppDelegate.swift in Sources */ = {isa = PBXBuildFile; fileRef = FF5134AC2929567700C619AD /* AppDelegate.swift */; };
		FF5134AF2929567700C619AD /* SceneDelegate.swift in Sources */ = {isa = PBXBuildFile; fileRef = FF5134AE2929567700C619AD /* SceneDelegate.swift */; };
		FF5134B12929567700C619AD /* ViewController.swift in Sources */ = {isa = PBXBuildFile; fileRef = FF5134B02929567700C619AD /* ViewController.swift */; };
		FF5134B42929567700C619AD /* Main.storyboard in Resources */ = {isa = PBXBuildFile; fileRef = FF5134B22929567700C619AD /* Main.storyboard */; };
		FF5134B62929567900C619AD /* Assets.xcassets in Resources */ = {isa = PBXBuildFile; fileRef = FF5134B52929567900C619AD /* Assets.xcassets */; };
		FF5134B92929567900C619AD /* LaunchScreen.storyboard in Resources */ = {isa = PBXBuildFile; fileRef = FF5134B72929567900C619AD /* LaunchScreen.storyboard */; };
		FF5134C3292956D400C619AD /* RandomQuoteModel.swift in Sources */ = {isa = PBXBuildFile; fileRef = FF5134C2292956D400C619AD /* RandomQuoteModel.swift */; };
		FF5134C52929572B00C619AD /* BaseResponse.swift in Sources */ = {isa = PBXBuildFile; fileRef = FF5134C42929572B00C619AD /* BaseResponse.swift */; };
		FF5134C72929577200C619AD /* Client.swift in Sources */ = {isa = PBXBuildFile; fileRef = FF5134C62929577200C619AD /* Client.swift */; };
/* End PBXBuildFile section */

/* Begin PBXFileReference section */
		FF5134A92929567700C619AD /* RandomEndpointGame.app */ = {isa = PBXFileReference; explicitFileType = wrapper.application; includeInIndex = 0; path = RandomEndpointGame.app; sourceTree = BUILT_PRODUCTS_DIR; };
		FF5134AC2929567700C619AD /* AppDelegate.swift */ = {isa = PBXFileReference; lastKnownFileType = sourcecode.swift; path = AppDelegate.swift; sourceTree = "<group>"; };
		FF5134AE2929567700C619AD /* SceneDelegate.swift */ = {isa = PBXFileReference; lastKnownFileType = sourcecode.swift; path = SceneDelegate.swift; sourceTree = "<group>"; };
		FF5134B02929567700C619AD /* ViewController.swift */ = {isa = PBXFileReference; lastKnownFileType = sourcecode.swift; path = ViewController.swift; sourceTree = "<group>"; };
		FF5134B32929567700C619AD /* Base */ = {isa = PBXFileReference; lastKnownFileType = file.storyboard; name = Base; path = Base.lproj/Main.storyboard; sourceTree = "<group>"; };
		FF5134B52929567900C619AD /* Assets.xcassets */ = {isa = PBXFileReference; lastKnownFileType = folder.assetcatalog; path = Assets.xcassets; sourceTree = "<group>"; };
		FF5134B82929567900C619AD /* Base */ = {isa = PBXFileReference; lastKnownFileType = file.storyboard; name = Base; path = Base.lproj/LaunchScreen.storyboard; sourceTree = "<group>"; };
		FF5134BA2929567900C619AD /* Info.plist */ = {isa = PBXFileReference; lastKnownFileType = text.plist.xml; path = Info.plist; sourceTree = "<group>"; };
		FF5134C2292956D400C619AD /* RandomQuoteModel.swift */ = {isa = PBXFileReference; lastKnownFileType = sourcecode.swift; path = RandomQuoteModel.swift; sourceTree = "<group>"; };
		FF5134C42929572B00C619AD /* BaseResponse.swift */ = {isa = PBXFileReference; lastKnownFileType = sourcecode.swift; path = BaseResponse.swift; sourceTree = "<group>"; };
		FF5134C62929577200C619AD /* Client.swift */ = {isa = PBXFileReference; lastKnownFileType = sourcecode.swift; path = Client.swift; sourceTree = "<group>"; };
/* End PBXFileReference section */

/* Begin PBXFrameworksBuildPhase section */
		FF5134A62929567700C619AD /* Frameworks */ = {
			isa = PBXFrameworksBuildPhase;
			buildActionMask = 2147483647;
			files = (
			);
			runOnlyForDeploymentPostprocessing = 0;
		};
/* End PBXFrameworksBuildPhase section */

/* Begin PBXGroup section */
		FF5134A02929567700C619AD = {
			isa = PBXGroup;
			children = (
				FF5134AB2929567700C619AD /* RandomEndpointGame */,
				FF5134AA2929567700C619AD /* Products */,
			);
			sourceTree = "<group>";
		};
		FF5134AA2929567700C619AD /* Products */ = {
			isa = PBXGroup;
			children = (
				FF5134A92929567700C619AD /* RandomEndpointGame.app */,
			);
			name = Products;
			sourceTree = "<group>";
		};
		FF5134AB2929567700C619AD /* RandomEndpointGame */ = {
			isa = PBXGroup;
			children = (
				FF5134C12929569A00C619AD /* Model */,
				FF5134C02929568700C619AD /* Service */,
				FF5134AC2929567700C619AD /* AppDelegate.swift */,
				FF5134AE2929567700C619AD /* SceneDelegate.swift */,
				FF5134B02929567700C619AD /* ViewController.swift */,
				FF5134B22929567700C619AD /* Main.storyboard */,
				FF5134B52929567900C619AD /* Assets.xcassets */,
				FF5134B72929567900C619AD /* LaunchScreen.storyboard */,
				FF5134BA2929567900C619AD /* Info.plist */,
			);
			path = RandomEndpointGame;
			sourceTree = "<group>";
		};
		FF5134C02929568700C619AD /* Service */ = {
			isa = PBXGroup;
			children = (
				FF5134C42929572B00C619AD /* BaseResponse.swift */,
				FF5134C62929577200C619AD /* Client.swift */,
			);
			path = Service;
			sourceTree = "<group>";
		};
		FF5134C12929569A00C619AD /* Model */ = {
			isa = PBXGroup;
			children = (
				FF5134C2292956D400C619AD /* RandomQuoteModel.swift */,
			);
			path = Model;
			sourceTree = "<group>";
		};
/* End PBXGroup section */

/* Begin PBXNativeTarget section */
		FF5134A82929567700C619AD /* RandomEndpointGame */ = {
			isa = PBXNativeTarget;
			buildConfigurationList = FF5134BD2929567900C619AD /* Build configuration list for PBXNativeTarget "RandomEndpointGame" */;
			buildPhases = (
				FF5134A52929567700C619AD /* Sources */,
				FF5134A62929567700C619AD /* Frameworks */,
				FF5134A72929567700C619AD /* Resources */,
			);
			buildRules = (
			);
			dependencies = (
			);
			name = RandomEndpointGame;
			productName = RandomEndpointGame;
			productReference = FF5134A92929567700C619AD /* RandomEndpointGame.app */;
			productType = "com.apple.product-type.application";
		};
/* End PBXNativeTarget section */

/* Begin PBXProject section */
		FF5134A12929567700C619AD /* Project object */ = {
			isa = PBXProject;
			attributes = {
				BuildIndependentTargetsInParallel = 1;
				LastSwiftUpdateCheck = 1340;
				LastUpgradeCheck = 1340;
				TargetAttributes = {
					FF5134A82929567700C619AD = {
						CreatedOnToolsVersion = 13.4.1;
					};
				};
			};
			buildConfigurationList = FF5134A42929567700C619AD /* Build configuration list for PBXProject "RandomEndpointGame" */;
			compatibilityVersion = "Xcode 13.0";
			developmentRegion = en;
			hasScannedForEncodings = 0;
			knownRegions = (
				en,
				Base,
			);
			mainGroup = FF5134A02929567700C619AD;
			productRefGroup = FF5134AA2929567700C619AD /* Products */;
			projectDirPath = "";
			projectRoot = "";
			targets = (
				FF5134A82929567700C619AD /* RandomEndpointGame */,
			);
		};
/* End PBXProject section */

/* Begin PBXResourcesBuildPhase section */
		FF5134A72929567700C619AD /* Resources */ = {
			isa = PBXResourcesBuildPhase;
			buildActionMask = 2147483647;
			files = (
				FF5134B92929567900C619AD /* LaunchScreen.storyboard in Resources */,
				FF5134B62929567900C619AD /* Assets.xcassets in Resources */,
				FF5134B42929567700C619AD /* Main.storyboard in Resources */,
			);
			runOnlyForDeploymentPostprocessing = 0;
		};
/* End PBXResourcesBuildPhase section */

/* Begin PBXSourcesBuildPhase section */
		FF5134A52929567700C619AD /* Sources */ = {
			isa = PBXSourcesBuildPhase;
			buildActionMask = 2147483647;
			files = (
				FF5134C52929572B00C619AD /* BaseResponse.swift in Sources */,
				FF5134B12929567700C619AD /* ViewController.swift in Sources */,
				FF5134C72929577200C619AD /* Client.swift in Sources */,
				FF5134C3292956D400C619AD /* RandomQuoteModel.swift in Sources */,
				FF5134AD2929567700C619AD /* AppDelegate.swift in Sources */,
				FF5134AF2929567700C619AD /* SceneDelegate.swift in Sources */,
			);
			runOnlyForDeploymentPostprocessing = 0;
		};
/* End PBXSourcesBuildPhase section */

/* Begin PBXVariantGroup section */
		FF5134B22929567700C619AD /* Main.storyboard */ = {
			isa = PBXVariantGroup;
			children = (
				FF5134B32929567700C619AD /* Base */,
			);
			name = Main.storyboard;
			sourceTree = "<group>";
		};
		FF5134B72929567900C619AD /* LaunchScreen.storyboard */ = {
			isa = PBXVariantGroup;
			children = (
				FF5134B82929567900C619AD /* Base */,
			);
			name = LaunchScreen.storyboard;
			sourceTree = "<group>";
		};
/* End PBXVariantGroup section */

/* Begin XCBuildConfiguration section */
		FF5134BB2929567900C619AD /* Debug */ = {
			isa = XCBuildConfiguration;
			buildSettings = {
				ALWAYS_SEARCH_USER_PATHS = NO;
				CLANG_ANALYZER_NONNULL = YES;
				CLANG_ANALYZER_NUMBER_OBJECT_CONVERSION = YES_AGGRESSIVE;
				CLANG_CXX_LANGUAGE_STANDARD = "gnu++17";
				CLANG_ENABLE_MODULES = YES;
				CLANG_ENABLE_OBJC_ARC = YES;
				CLANG_ENABLE_OBJC_WEAK = YES;
				CLANG_WARN_BLOCK_CAPTURE_AUTORELEASING = YES;
				CLANG_WARN_BOOL_CONVERSION = YES;
				CLANG_WARN_COMMA = YES;
				CLANG_WARN_CONSTANT_CONVERSION = YES;
				CLANG_WARN_DEPRECATED_OBJC_IMPLEMENTATIONS = YES;
				CLANG_WARN_DIRECT_OBJC_ISA_USAGE = YES_ERROR;
				CLANG_WARN_DOCUMENTATION_COMMENTS = YES;
				CLANG_WARN_EMPTY_BODY = YES;
				CLANG_WARN_ENUM_CONVERSION = YES;
				CLANG_WARN_INFINITE_RECURSION = YES;
				CLANG_WARN_INT_CONVERSION = YES;
				CLANG_WARN_NON_LITERAL_NULL_CONVERSION = YES;
				CLANG_WARN_OBJC_IMPLICIT_RETAIN_SELF = YES;
				CLANG_WARN_OBJC_LITERAL_CONVERSION = YES;
				CLANG_WARN_OBJC_ROOT_CLASS = YES_ERROR;
				CLANG_WARN_QUOTED_INCLUDE_IN_FRAMEWORK_HEADER = YES;
				CLANG_WARN_RANGE_LOOP_ANALYSIS = YES;
				CLANG_WARN_STRICT_PROTOTYPES = YES;
				CLANG_WARN_SUSPICIOUS_MOVE = YES;
				CLANG_WARN_UNGUARDED_AVAILABILITY = YES_AGGRESSIVE;
				CLANG_WARN_UNREACHABLE_CODE = YES;
				CLANG_WARN__DUPLICATE_METHOD_MATCH = YES;
				COPY_PHASE_STRIP = NO;
				DEBUG_INFORMATION_FORMAT = dwarf;
				ENABLE_STRICT_OBJC_MSGSEND = YES;
				ENABLE_TESTABILITY = YES;
				GCC_C_LANGUAGE_STANDARD = gnu11;
				GCC_DYNAMIC_NO_PIC = NO;
				GCC_NO_COMMON_BLOCKS = YES;
				GCC_OPTIMIZATION_LEVEL = 0;
				GCC_PREPROCESSOR_DEFINITIONS = (
					"DEBUG=1",
					"$(inherited)",
				);
				GCC_WARN_64_TO_32_BIT_CONVERSION = YES;
				GCC_WARN_ABOUT_RETURN_TYPE = YES_ERROR;
				GCC_WARN_UNDECLARED_SELECTOR = YES;
				GCC_WARN_UNINITIALIZED_AUTOS = YES_AGGRESSIVE;
				GCC_WARN_UNUSED_FUNCTION = YES;
				GCC_WARN_UNUSED_VARIABLE = YES;
				IPHONEOS_DEPLOYMENT_TARGET = 15.5;
				MTL_ENABLE_DEBUG_INFO = INCLUDE_SOURCE;
				MTL_FAST_MATH = YES;
				ONLY_ACTIVE_ARCH = YES;
				SDKROOT = iphoneos;
				SWIFT_ACTIVE_COMPILATION_CONDITIONS = DEBUG;
				SWIFT_OPTIMIZATION_LEVEL = "-Onone";
			};
			name = Debug;
		};
		FF5134BC2929567900C619AD /* Release */ = {
			isa = XCBuildConfiguration;
			buildSettings = {
				ALWAYS_SEARCH_USER_PATHS = NO;
				CLANG_ANALYZER_NONNULL = YES;
				CLANG_ANALYZER_NUMBER_OBJECT_CONVERSION = YES_AGGRESSIVE;
				CLANG_CXX_LANGUAGE_STANDARD = "gnu++17";
				CLANG_ENABLE_MODULES = YES;
				CLANG_ENABLE_OBJC_ARC = YES;
				CLANG_ENABLE_OBJC_WEAK = YES;
				CLANG_WARN_BLOCK_CAPTURE_AUTORELEASING = YES;
				CLANG_WARN_BOOL_CONVERSION = YES;
				CLANG_WARN_COMMA = YES;
				CLANG_WARN_CONSTANT_CONVERSION = YES;
				CLANG_WARN_DEPRECATED_OBJC_IMPLEMENTATIONS = YES;
				CLANG_WARN_DIRECT_OBJC_ISA_USAGE = YES_ERROR;
				CLANG_WARN_DOCUMENTATION_COMMENTS = YES;
				CLANG_WARN_EMPTY_BODY = YES;
				CLANG_WARN_ENUM_CONVERSION = YES;
				CLANG_WARN_INFINITE_RECURSION = YES;
				CLANG_WARN_INT_CONVERSION = YES;
				CLANG_WARN_NON_LITERAL_NULL_CONVERSION = YES;
				CLANG_WARN_OBJC_IMPLICIT_RETAIN_SELF = YES;
				CLANG_WARN_OBJC_LITERAL_CONVERSION = YES;
				CLANG_WARN_OBJC_ROOT_CLASS = YES_ERROR;
				CLANG_WARN_QUOTED_INCLUDE_IN_FRAMEWORK_HEADER = YES;
				CLANG_WARN_RANGE_LOOP_ANALYSIS = YES;
				CLANG_WARN_STRICT_PROTOTYPES = YES;
				CLANG_WARN_SUSPICIOUS_MOVE = YES;
				CLANG_WARN_UNGUARDED_AVAILABILITY = YES_AGGRESSIVE;
				CLANG_WARN_UNREACHABLE_CODE = YES;
				CLANG_WARN__DUPLICATE_METHOD_MATCH = YES;
				COPY_PHASE_STRIP = NO;
				DEBUG_INFORMATION_FORMAT = "dwarf-with-dsym";
				ENABLE_NS_ASSERTIONS = NO;
				ENABLE_STRICT_OBJC_MSGSEND = YES;
				GCC_C_LANGUAGE_STANDARD = gnu11;
				GCC_NO_COMMON_BLOCKS = YES;
				GCC_WARN_64_TO_32_BIT_CONVERSION = YES;
				GCC_WARN_ABOUT_RETURN_TYPE = YES_ERROR;
				GCC_WARN_UNDECLARED_SELECTOR = YES;
				GCC_WARN_UNINITIALIZED_AUTOS = YES_AGGRESSIVE;
				GCC_WARN_UNUSED_FUNCTION = YES;
				GCC_WARN_UNUSED_VARIABLE = YES;
				IPHONEOS_DEPLOYMENT_TARGET = 15.5;
				MTL_ENABLE_DEBUG_INFO = NO;
				MTL_FAST_MATH = YES;
				SDKROOT = iphoneos;
				SWIFT_COMPILATION_MODE = wholemodule;
				SWIFT_OPTIMIZATION_LEVEL = "-O";
				VALIDATE_PRODUCT = YES;
			};
			name = Release;
		};
		FF5134BE2929567900C619AD /* Debug */ = {
			isa = XCBuildConfiguration;
			buildSettings = {
				ASSETCATALOG_COMPILER_APPICON_NAME = AppIcon;
				ASSETCATALOG_COMPILER_GLOBAL_ACCENT_COLOR_NAME = AccentColor;
				CODE_SIGN_STYLE = Automatic;
				CURRENT_PROJECT_VERSION = 1;
				DEVELOPMENT_TEAM = YNCV7P32TK;
				GENERATE_INFOPLIST_FILE = YES;
				INFOPLIST_FILE = RandomEndpointGame/Info.plist;
				INFOPLIST_KEY_UIApplicationSupportsIndirectInputEvents = YES;
				INFOPLIST_KEY_UILaunchStoryboardName = LaunchScreen;
				INFOPLIST_KEY_UIMainStoryboardFile = Main;
				INFOPLIST_KEY_UISupportedInterfaceOrientations_iPad = "UIInterfaceOrientationPortrait UIInterfaceOrientationPortraitUpsideDown UIInterfaceOrientationLandscapeLeft UIInterfaceOrientationLandscapeRight";
				INFOPLIST_KEY_UISupportedInterfaceOrientations_iPhone = "UIInterfaceOrientationPortrait UIInterfaceOrientationLandscapeLeft UIInterfaceOrientationLandscapeRight";
				LD_RUNPATH_SEARCH_PATHS = (
					"$(inherited)",
					"@executable_path/Frameworks",
				);
				MARKETING_VERSION = 1.0;
				PRODUCT_BUNDLE_IDENTIFIER = com.mehmetbicici.CompanySoftwareApp.RandomEndpointGame;
				PRODUCT_NAME = "$(TARGET_NAME)";
				SWIFT_EMIT_LOC_STRINGS = YES;
				SWIFT_VERSION = 5.0;
				TARGETED_DEVICE_FAMILY = "1,2";
			};
			name = Debug;
		};
		FF5134BF2929567900C619AD /* Release */ = {
			isa = XCBuildConfiguration;
			buildSettings = {
				ASSETCATALOG_COMPILER_APPICON_NAME = AppIcon;
				ASSETCATALOG_COMPILER_GLOBAL_ACCENT_COLOR_NAME = AccentColor;
				CODE_SIGN_STYLE = Automatic;
				CURRENT_PROJECT_VERSION = 1;
				DEVELOPMENT_TEAM = YNCV7P32TK;
				GENERATE_INFOPLIST_FILE = YES;
				INFOPLIST_FILE = RandomEndpointGame/Info.plist;
				INFOPLIST_KEY_UIApplicationSupportsIndirectInputEvents = YES;
				INFOPLIST_KEY_UILaunchStoryboardName = LaunchScreen;
				INFOPLIST_KEY_UIMainStoryboardFile = Main;
				INFOPLIST_KEY_UISupportedInterfaceOrientations_iPad = "UIInterfaceOrientationPortrait UIInterfaceOrientationPortraitUpsideDown UIInterfaceOrientationLandscapeLeft UIInterfaceOrientationLandscapeRight";
				INFOPLIST_KEY_UISupportedInterfaceOrientations_iPhone = "UIInterfaceOrientationPortrait UIInterfaceOrientationLandscapeLeft UIInterfaceOrientationLandscapeRight";
				LD_RUNPATH_SEARCH_PATHS = (
					"$(inherited)",
					"@executable_path/Frameworks",
				);
				MARKETING_VERSION = 1.0;
				PRODUCT_BUNDLE_IDENTIFIER = com.mehmetbicici.CompanySoftwareApp.RandomEndpointGame;
				PRODUCT_NAME = "$(TARGET_NAME)";
				SWIFT_EMIT_LOC_STRINGS = YES;
				SWIFT_VERSION = 5.0;
				TARGETED_DEVICE_FAMILY = "1,2";
			};
			name = Release;
		};
/* End XCBuildConfiguration section */

/* Begin XCConfigurationList section */
		FF5134A42929567700C619AD /* Build configuration list for PBXProject "RandomEndpointGame" */ = {
			isa = XCConfigurationList;
			buildConfigurations = (
				FF5134BB2929567900C619AD /* Debug */,
				FF5134BC2929567900C619AD /* Release */,
			);
			defaultConfigurationIsVisible = 0;
			defaultConfigurationName = Release;
		};
		FF5134BD2929567900C619AD /* Build configuration list for PBXNativeTarget "RandomEndpointGame" */ = {
			isa = XCConfigurationList;
			buildConfigurations = (
				FF5134BE2929567900C619AD /* Debug */,
				FF5134BF2929567900C619AD /* Release */,
			);
			defaultConfigurationIsVisible = 0;
			defaultConfigurationName = Release;
		};
/* End XCConfigurationList section */
	};
	rootObject = FF5134A12929567700C619AD /* Project object */;
}
